
Microsoft Visual Studio Solution File, Format Version 12.00
# Visual Studio Version 17
VisualStudioVersion = 17.13.35931.197 d17.13
MinimumVisualStudioVersion = 10.0.40219.1
Project("{FAE04EC0-301F-11D3-BF4B-00C04F79EFBC}") = "Camping-BookingSystem", "Camping-BookingSystem\Camping-BookingSystem.csproj", "{338F0022-D953-4D85-ADD4-76809ABE7073}"
EndProject
Project("{FAE04EC0-301F-11D3-BF4B-00C04F79EFBC}") = "Camping-BookingSystemTests", "Camping-BookingSystemTests\Camping-BookingSystemTests.csproj", "{03C10599-941B-47C5-8135-05C448DD9D69}"
EndProject
Project("{FAE04EC0-301F-11D3-BF4B-00C04F79EFBC}") = "BookingSystem-ClassLibrary", "BookingSystem-ClassLibrary\BookingSystem-ClassLibrary.csproj", "{4CE4A1AA-9BDE-4AB7-AE1F-31980F0693D6}"
EndProject
Global
	GlobalSection(SolutionConfigurationPlatforms) = preSolution
		Debug|Any CPU = Debug|Any CPU
		Release|Any CPU = Release|Any CPU
	EndGlobalSection
	GlobalSection(ProjectConfigurationPlatforms) = postSolution
		{338F0022-D953-4D85-ADD4-76809ABE7073}.Debug|Any CPU.ActiveCfg = Debug|Any CPU
		{338F0022-D953-4D85-ADD4-76809ABE7073}.Debug|Any CPU.Build.0 = Debug|Any CPU
		{338F0022-D953-4D85-ADD4-76809ABE7073}.Release|Any CPU.ActiveCfg = Release|Any CPU
		{338F0022-D953-4D85-ADD4-76809ABE7073}.Release|Any CPU.Build.0 = Release|Any CPU
		{03C10599-941B-47C5-8135-05C448DD9D69}.Debug|Any CPU.ActiveCfg = Debug|Any CPU
		{03C10599-941B-47C5-8135-05C448DD9D69}.Debug|Any CPU.Build.0 = Debug|Any CPU
		{03C10599-941B-47C5-8135-05C448DD9D69}.Release|Any CPU.ActiveCfg = Release|Any CPU
		{03C10599-941B-47C5-8135-05C448DD9D69}.Release|Any CPU.Build.0 = Release|Any CPU
		{4CE4A1AA-9BDE-4AB7-AE1F-31980F0693D6}.Debug|Any CPU.ActiveCfg = Debug|Any CPU
		{4CE4A1AA-9BDE-4AB7-AE1F-31980F0693D6}.Debug|Any CPU.Build.0 = Debug|Any CPU
		{4CE4A1AA-9BDE-4AB7-AE1F-31980F0693D6}.Release|Any CPU.ActiveCfg = Release|Any CPU
		{4CE4A1AA-9BDE-4AB7-AE1F-31980F0693D6}.Release|Any CPU.Build.0 = Release|Any CPU
	EndGlobalSection
	GlobalSection(SolutionProperties) = preSolution
		HideSolutionNode = FALSE
	EndGlobalSection
	GlobalSection(ExtensibilityGlobals) = postSolution
		SolutionGuid = {1A886D9E-6838-4106-AE42-7D6EDA8C4629}
	EndGlobalSection
EndGlobal
